
Microsoft Visual Studio Solution File, Format Version 12.00
# Visual Studio Version 16
VisualStudioVersion = 16.0.31702.278
MinimumVisualStudioVersion = 10.0.40219.1
Project("{FAE04EC0-301F-11D3-BF4B-00C04F79EFBC}") = "Car", "Car\Car.csproj", "{EE2AEB91-447B-48D3-BCDB-08C0F04CC622}"
EndProject
Project("{FAE04EC0-301F-11D3-BF4B-00C04F79EFBC}") = "TestClass", "TestClass\TestClass.csproj", "{A33D29E9-F6FD-4D54-AE65-6452E86F495E}"
EndProject
Global
	GlobalSection(SolutionConfigurationPlatforms) = preSolution
		Debug|Any CPU = Debug|Any CPU
		Release|Any CPU = Release|Any CPU
	EndGlobalSection
	GlobalSection(ProjectConfigurationPlatforms) = postSolution
		{EE2AEB91-447B-48D3-BCDB-08C0F04CC622}.Debug|Any CPU.ActiveCfg = Debug|Any CPU
		{EE2AEB91-447B-48D3-BCDB-08C0F04CC622}.Debug|Any CPU.Build.0 = Debug|Any CPU
		{EE2AEB91-447B-48D3-BCDB-08C0F04CC622}.Release|Any CPU.ActiveCfg = Release|Any CPU
		{EE2AEB91-447B-48D3-BCDB-08C0F04CC622}.Release|Any CPU.Build.0 = Release|Any CPU
		{A33D29E9-F6FD-4D54-AE65-6452E86F495E}.Debug|Any CPU.ActiveCfg = Debug|Any CPU
		{A33D29E9-F6FD-4D54-AE65-6452E86F495E}.Debug|Any CPU.Build.0 = Debug|Any CPU
		{A33D29E9-F6FD-4D54-AE65-6452E86F495E}.Release|Any CPU.ActiveCfg = Release|Any CPU
		{A33D29E9-F6FD-4D54-AE65-6452E86F495E}.Release|Any CPU.Build.0 = Release|Any CPU
	EndGlobalSection
	GlobalSection(SolutionProperties) = preSolution
		HideSolutionNode = FALSE
	EndGlobalSection
	GlobalSection(ExtensibilityGlobals) = postSolution
		SolutionGuid = {B7CF7C04-7757-4FB6-BAE8-F0477183C42D}
	EndGlobalSection
EndGlobal
